
Microsoft Visual Studio Solution File, Format Version 12.00
# Visual Studio Version 17
VisualStudioVersion = 17.13.35825.156
MinimumVisualStudioVersion = 10.0.40219.1
Project("{FAE04EC0-301F-11D3-BF4B-00C04F79EFBC}") = "MonopolyTestTask", "MonopolyTestTask\MonopolyTestTask.csproj", "{256B6D59-6B07-4FFA-8144-4BE38FC6B779}"
EndProject
Project("{FAE04EC0-301F-11D3-BF4B-00C04F79EFBC}") = "MonopolyTestTaskTests", "MonopolyTestTaskTests\MonopolyTestTaskTests.csproj", "{DCA42023-59F6-4F8E-9795-21FC2A6991D6}"
EndProject
Global
	GlobalSection(SolutionConfigurationPlatforms) = preSolution
		Debug|Any CPU = Debug|Any CPU
		Release|Any CPU = Release|Any CPU
	EndGlobalSection
	GlobalSection(ProjectConfigurationPlatforms) = postSolution
		{256B6D59-6B07-4FFA-8144-4BE38FC6B779}.Debug|Any CPU.ActiveCfg = Debug|Any CPU
		{256B6D59-6B07-4FFA-8144-4BE38FC6B779}.Debug|Any CPU.Build.0 = Debug|Any CPU
		{256B6D59-6B07-4FFA-8144-4BE38FC6B779}.Release|Any CPU.ActiveCfg = Release|Any CPU
		{256B6D59-6B07-4FFA-8144-4BE38FC6B779}.Release|Any CPU.Build.0 = Release|Any CPU
		{DCA42023-59F6-4F8E-9795-21FC2A6991D6}.Debug|Any CPU.ActiveCfg = Debug|Any CPU
		{DCA42023-59F6-4F8E-9795-21FC2A6991D6}.Debug|Any CPU.Build.0 = Debug|Any CPU
		{DCA42023-59F6-4F8E-9795-21FC2A6991D6}.Release|Any CPU.ActiveCfg = Release|Any CPU
		{DCA42023-59F6-4F8E-9795-21FC2A6991D6}.Release|Any CPU.Build.0 = Release|Any CPU
	EndGlobalSection
	GlobalSection(SolutionProperties) = preSolution
		HideSolutionNode = FALSE
	EndGlobalSection
	GlobalSection(ExtensibilityGlobals) = postSolution
		SolutionGuid = {AC5DA574-5004-4483-BDCB-0F134565B46F}
	EndGlobalSection
EndGlobal
